
Microsoft Visual Studio Solution File, Format Version 12.00
# Visual Studio Version 16
VisualStudioVersion = 16.0.30611.23
MinimumVisualStudioVersion = 10.0.40219.1
Project("{FAE04EC0-301F-11D3-BF4B-00C04F79EFBC}") = "CCRawDataCalculations", "CCRawDataCalculations\CCRawDataCalculations.csproj", "{6FB3BA1A-897D-4FA2-BBCC-2953ED9748A1}"
EndProject
Global
	GlobalSection(SolutionConfigurationPlatforms) = preSolution
		Debug|Any CPU = Debug|Any CPU
		Release|Any CPU = Release|Any CPU
	EndGlobalSection
	GlobalSection(ProjectConfigurationPlatforms) = postSolution
		{6FB3BA1A-897D-4FA2-BBCC-2953ED9748A1}.Debug|Any CPU.ActiveCfg = Debug|Any CPU
		{6FB3BA1A-897D-4FA2-BBCC-2953ED9748A1}.Debug|Any CPU.Build.0 = Debug|Any CPU
		{6FB3BA1A-897D-4FA2-BBCC-2953ED9748A1}.Release|Any CPU.ActiveCfg = Release|Any CPU
		{6FB3BA1A-897D-4FA2-BBCC-2953ED9748A1}.Release|Any CPU.Build.0 = Release|Any CPU
	EndGlobalSection
	GlobalSection(SolutionProperties) = preSolution
		HideSolutionNode = FALSE
	EndGlobalSection
	GlobalSection(ExtensibilityGlobals) = postSolution
		SolutionGuid = {58DB98BB-7F60-4A8A-AF28-8BEDD6634194}
	EndGlobalSection
EndGlobal
